Microsoft Visual Studio Solution File, Format Version 12.00
# Visual Studio Version 17
VisualStudioVersion = 17.13.35919.96
MinimumVisualStudioVersion = 10.0.40219.1
Project("{FAE04EC0-301F-11D3-BF4B-00C04F79EFBC}") = "MCXin.WinRT.ModernUI", "MCXin.WinRT.ModernUI\MCXin.WinRT.ModernUI.csproj", "{8F71873F-72C9-048D-E3B1-DA52F768C9BD}"
EndProject
Project("{FAE04EC0-301F-11D3-BF4B-00C04F79EFBC}") = "XamlHostTest", "XamlHostTest\XamlHostTest.csproj", "{B111BBB7-C5FB-A356-A919-8612FF63DD5D}"
EndProject
Project("{FAE04EC0-301F-11D3-BF4B-00C04F79EFBC}") = "MCXin.WinRT.ModernUI.Core", "MCXin.WinRT.ModernUI.Core\MCXin.WinRT.ModernUI.Core.csproj", "{DFE81A57-5349-4C71-964E-EDFAAB7EC030}"
EndProject
Project("{FAE04EC0-301F-11D3-BF4B-00C04F79EFBC}") = "XamlHostTextInputTest", "XamlHostTextInputTest\XamlHostTextInputTest.csproj", "{E3C52827-51AA-463A-9D8C-223E7E87F19D}"
EndProject
Project("{FAE04EC0-301F-11D3-BF4B-00C04F79EFBC}") = "MCXin.WinRT.ModernUI.Core.Common", "MCXin.WinRT.ModernUI.Core.Common\MCXin.WinRT.ModernUI.Core.Common.csproj", "{9A92FFBF-47F8-4B04-9D1F-EBEFF63FFD9A}"
EndProject
Project("{FAE04EC0-301F-11D3-BF4B-00C04F79EFBC}") = "MCXin.WinRT.ModernUI.Core.Fx", "MCXin.WinRT.ModernUI.Core.Fx\MCXin.WinRT.ModernUI.Core.Fx.csproj", "{A328A7F4-8C2A-43F6-B40D-4A909B6B52AD}"
EndProject
Project("{FAE04EC0-301F-11D3-BF4B-00C04F79EFBC}") = "MCXin.WinRT.ModernUI.Common", "MCXin.WinRT.ModernUI.Common\MCXin.WinRT.ModernUI.Common.csproj", "{D3E7F462-789F-41D5-A31F-8085D36062EF}"
EndProject
Project("{FAE04EC0-301F-11D3-BF4B-00C04F79EFBC}") = "WRTMUITestDPI00", "Test\WRTMUITestDPI00\WRTMUITestDPI00.csproj", "{3B054E34-F38E-4397-9677-56C6DBE5130D}"
EndProject
Project("{2150E333-8FDC-42A3-9474-1A3956D46DE8}") = "Test", "Test", "{02EA681E-C7D8-13C7-8484-4AC65E1B71E8}"
EndProject
Project("{8BC9CEB8-8B4A-11D0-8D11-00A0C91BC942}") = "MCXin.WinRT.ModernUI.Core.WinRTCommon", "MCXin.WinRT.ModernUI.Core.WinRTCommon\MCXin.WinRT.ModernUI.Core.WinRTCommon.vcxproj", "{909E1397-B1B9-4772-9266-34833A0B277C}"
EndProject
Global
	GlobalSection(SolutionConfigurationPlatforms) = preSolution
		Debug|Any CPU = Debug|Any CPU
		Debug|ARM = Debug|ARM
		Debug|ARM64 = Debug|ARM64
		Debug|x64 = Debug|x64
		Debug|x86 = Debug|x86
		Release|Any CPU = Release|Any CPU
		Release|ARM = Release|ARM
		Release|ARM64 = Release|ARM64
		Release|x64 = Release|x64
		Release|x86 = Release|x86
	EndGlobalSection
	GlobalSection(ProjectConfigurationPlatforms) = postSolution
		{8F71873F-72C9-048D-E3B1-DA52F768C9BD}.Debug|Any CPU.ActiveCfg = Debug|Any CPU
		{8F71873F-72C9-048D-E3B1-DA52F768C9BD}.Debug|Any CPU.Build.0 = Debug|Any CPU
		{8F71873F-72C9-048D-E3B1-DA52F768C9BD}.Debug|ARM.ActiveCfg = Debug|Any CPU
		{8F71873F-72C9-048D-E3B1-DA52F768C9BD}.Debug|ARM.Build.0 = Debug|Any CPU
		{8F71873F-72C9-048D-E3B1-DA52F768C9BD}.Debug|ARM64.ActiveCfg = Debug|Any CPU
		{8F71873F-72C9-048D-E3B1-DA52F768C9BD}.Debug|ARM64.Build.0 = Debug|Any CPU
		{8F71873F-72C9-048D-E3B1-DA52F768C9BD}.Debug|x64.ActiveCfg = Debug|Any CPU
		{8F71873F-72C9-048D-E3B1-DA52F768C9BD}.Debug|x64.Build.0 = Debug|Any CPU
		{8F71873F-72C9-048D-E3B1-DA52F768C9BD}.Debug|x86.ActiveCfg = Debug|Any CPU
		{8F71873F-72C9-048D-E3B1-DA52F768C9BD}.Debug|x86.Build.0 = Debug|Any CPU
		{8F71873F-72C9-048D-E3B1-DA52F768C9BD}.Release|Any CPU.ActiveCfg = Release|Any CPU
		{8F71873F-72C9-048D-E3B1-DA52F768C9BD}.Release|Any CPU.Build.0 = Release|Any CPU
		{8F71873F-72C9-048D-E3B1-DA52F768C9BD}.Release|ARM.ActiveCfg = Release|Any CPU
		{8F71873F-72C9-048D-E3B1-DA52F768C9BD}.Release|ARM.Build.0 = Release|Any CPU
		{8F71873F-72C9-048D-E3B1-DA52F768C9BD}.Release|ARM64.ActiveCfg = Release|Any CPU
		{8F71873F-72C9-048D-E3B1-DA52F768C9BD}.Release|ARM64.Build.0 = Release|Any CPU
		{8F71873F-72C9-048D-E3B1-DA52F768C9BD}.Release|x64.ActiveCfg = Release|Any CPU
		{8F71873F-72C9-048D-E3B1-DA52F768C9BD}.Release|x64.Build.0 = Release|Any CPU
		{8F71873F-72C9-048D-E3B1-DA52F768C9BD}.Release|x86.ActiveCfg = Release|Any CPU
		{8F71873F-72C9-048D-E3B1-DA52F768C9BD}.Release|x86.Build.0 = Release|Any CPU
		{B111BBB7-C5FB-A356-A919-8612FF63DD5D}.Debug|Any CPU.ActiveCfg = Debug|x64
		{B111BBB7-C5FB-A356-A919-8612FF63DD5D}.Debug|Any CPU.Build.0 = Debug|x64
		{B111BBB7-C5FB-A356-A919-8612FF63DD5D}.Debug|Any CPU.Deploy.0 = Debug|x64
		{B111BBB7-C5FB-A356-A919-8612FF63DD5D}.Debug|ARM.ActiveCfg = Debug|x64
		{B111BBB7-C5FB-A356-A919-8612FF63DD5D}.Debug|ARM.Build.0 = Debug|x64
		{B111BBB7-C5FB-A356-A919-8612FF63DD5D}.Debug|ARM64.ActiveCfg = Debug|arm64
		{B111BBB7-C5FB-A356-A919-8612FF63DD5D}.Debug|ARM64.Build.0 = Debug|arm64
		{B111BBB7-C5FB-A356-A919-8612FF63DD5D}.Debug|x64.ActiveCfg = Debug|x64
		{B111BBB7-C5FB-A356-A919-8612FF63DD5D}.Debug|x64.Build.0 = Debug|x64
		{B111BBB7-C5FB-A356-A919-8612FF63DD5D}.Debug|x86.ActiveCfg = Debug|x86
		{B111BBB7-C5FB-A356-A919-8612FF63DD5D}.Debug|x86.Build.0 = Debug|x86
		{B111BBB7-C5FB-A356-A919-8612FF63DD5D}.Release|Any CPU.ActiveCfg = Release|x64
		{B111BBB7-C5FB-A356-A919-8612FF63DD5D}.Release|Any CPU.Build.0 = Release|x64
		{B111BBB7-C5FB-A356-A919-8612FF63DD5D}.Release|Any CPU.Deploy.0 = Release|x64
		{B111BBB7-C5FB-A356-A919-8612FF63DD5D}.Release|ARM.ActiveCfg = Release|x64
		{B111BBB7-C5FB-A356-A919-8612FF63DD5D}.Release|ARM.Build.0 = Release|x64
		{B111BBB7-C5FB-A356-A919-8612FF63DD5D}.Release|ARM64.ActiveCfg = Release|arm64
		{B111BBB7-C5FB-A356-A919-8612FF63DD5D}.Release|ARM64.Build.0 = Release|arm64
		{B111BBB7-C5FB-A356-A919-8612FF63DD5D}.Release|x64.ActiveCfg = Release|x64
		{B111BBB7-C5FB-A356-A919-8612FF63DD5D}.Release|x64.Build.0 = Release|x64
		{B111BBB7-C5FB-A356-A919-8612FF63DD5D}.Release|x86.ActiveCfg = Release|x86
		{B111BBB7-C5FB-A356-A919-8612FF63DD5D}.Release|x86.Build.0 = Release|x86
		{DFE81A57-5349-4C71-964E-EDFAAB7EC030}.Debug|Any CPU.ActiveCfg = Debug|Any CPU
		{DFE81A57-5349-4C71-964E-EDFAAB7EC030}.Debug|Any CPU.Build.0 = Debug|Any CPU
		{DFE81A57-5349-4C71-964E-EDFAAB7EC030}.Debug|ARM.ActiveCfg = Debug|Any CPU
		{DFE81A57-5349-4C71-964E-EDFAAB7EC030}.Debug|ARM.Build.0 = Debug|Any CPU
		{DFE81A57-5349-4C71-964E-EDFAAB7EC030}.Debug|ARM64.ActiveCfg = Debug|Any CPU
		{DFE81A57-5349-4C71-964E-EDFAAB7EC030}.Debug|ARM64.Build.0 = Debug|Any CPU
		{DFE81A57-5349-4C71-964E-EDFAAB7EC030}.Debug|x64.ActiveCfg = Debug|Any CPU
		{DFE81A57-5349-4C71-964E-EDFAAB7EC030}.Debug|x64.Build.0 = Debug|Any CPU
		{DFE81A57-5349-4C71-964E-EDFAAB7EC030}.Debug|x86.ActiveCfg = Debug|Any CPU
		{DFE81A57-5349-4C71-964E-EDFAAB7EC030}.Debug|x86.Build.0 = Debug|Any CPU
		{DFE81A57-5349-4C71-964E-EDFAAB7EC030}.Release|Any CPU.ActiveCfg = Release|Any CPU
		{DFE81A57-5349-4C71-964E-EDFAAB7EC030}.Release|Any CPU.Build.0 = Release|Any CPU
		{DFE81A57-5349-4C71-964E-EDFAAB7EC030}.Release|ARM.ActiveCfg = Release|Any CPU
		{DFE81A57-5349-4C71-964E-EDFAAB7EC030}.Release|ARM.Build.0 = Release|Any CPU
		{DFE81A57-5349-4C71-964E-EDFAAB7EC030}.Release|ARM64.ActiveCfg = Release|Any CPU
		{DFE81A57-5349-4C71-964E-EDFAAB7EC030}.Release|ARM64.Build.0 = Release|Any CPU
		{DFE81A57-5349-4C71-964E-EDFAAB7EC030}.Release|x64.ActiveCfg = Release|Any CPU
		{DFE81A57-5349-4C71-964E-EDFAAB7EC030}.Release|x64.Build.0 = Release|Any CPU
		{DFE81A57-5349-4C71-964E-EDFAAB7EC030}.Release|x86.ActiveCfg = Release|Any CPU
		{DFE81A57-5349-4C71-964E-EDFAAB7EC030}.Release|x86.Build.0 = Release|Any CPU
		{E3C52827-51AA-463A-9D8C-223E7E87F19D}.Debug|Any CPU.ActiveCfg = Debug|x64
		{E3C52827-51AA-463A-9D8C-223E7E87F19D}.Debug|Any CPU.Build.0 = Debug|x64
		{E3C52827-51AA-463A-9D8C-223E7E87F19D}.Debug|ARM.ActiveCfg = Debug|x64
		{E3C52827-51AA-463A-9D8C-223E7E87F19D}.Debug|ARM.Build.0 = Debug|x64
		{E3C52827-51AA-463A-9D8C-223E7E87F19D}.Debug|ARM64.ActiveCfg = Debug|arm64
		{E3C52827-51AA-463A-9D8C-223E7E87F19D}.Debug|ARM64.Build.0 = Debug|arm64
		{E3C52827-51AA-463A-9D8C-223E7E87F19D}.Debug|x64.ActiveCfg = Debug|x64
		{E3C52827-51AA-463A-9D8C-223E7E87F19D}.Debug|x64.Build.0 = Debug|x64
		{E3C52827-51AA-463A-9D8C-223E7E87F19D}.Debug|x86.ActiveCfg = Debug|x86
		{E3C52827-51AA-463A-9D8C-223E7E87F19D}.Debug|x86.Build.0 = Debug|x86
		{E3C52827-51AA-463A-9D8C-223E7E87F19D}.Release|Any CPU.ActiveCfg = Release|x64
		{E3C52827-51AA-463A-9D8C-223E7E87F19D}.Release|Any CPU.Build.0 = Release|x64
		{E3C52827-51AA-463A-9D8C-223E7E87F19D}.Release|ARM.ActiveCfg = Release|x64
		{E3C52827-51AA-463A-9D8C-223E7E87F19D}.Release|ARM.Build.0 = Release|x64
		{E3C52827-51AA-463A-9D8C-223E7E87F19D}.Release|ARM64.ActiveCfg = Release|arm64
		{E3C52827-51AA-463A-9D8C-223E7E87F19D}.Release|ARM64.Build.0 = Release|arm64
		{E3C52827-51AA-463A-9D8C-223E7E87F19D}.Release|x64.ActiveCfg = Release|x64
		{E3C52827-51AA-463A-9D8C-223E7E87F19D}.Release|x64.Build.0 = Release|x64
		{E3C52827-51AA-463A-9D8C-223E7E87F19D}.Release|x86.ActiveCfg = Release|x86
		{E3C52827-51AA-463A-9D8C-223E7E87F19D}.Release|x86.Build.0 = Release|x86
		{9A92FFBF-47F8-4B04-9D1F-EBEFF63FFD9A}.Debug|Any CPU.ActiveCfg = Debug|Any CPU
		{9A92FFBF-47F8-4B04-9D1F-EBEFF63FFD9A}.Debug|Any CPU.Build.0 = Debug|Any CPU
		{9A92FFBF-47F8-4B04-9D1F-EBEFF63FFD9A}.Debug|ARM.ActiveCfg = Debug|Any CPU
		{9A92FFBF-47F8-4B04-9D1F-EBEFF63FFD9A}.Debug|ARM.Build.0 = Debug|Any CPU
		{9A92FFBF-47F8-4B04-9D1F-EBEFF63FFD9A}.Debug|ARM64.ActiveCfg = Debug|Any CPU
		{9A92FFBF-47F8-4B04-9D1F-EBEFF63FFD9A}.Debug|ARM64.Build.0 = Debug|Any CPU
		{9A92FFBF-47F8-4B04-9D1F-EBEFF63FFD9A}.Debug|x64.ActiveCfg = Debug|Any CPU
		{9A92FFBF-47F8-4B04-9D1F-EBEFF63FFD9A}.Debug|x64.Build.0 = Debug|Any CPU
		{9A92FFBF-47F8-4B04-9D1F-EBEFF63FFD9A}.Debug|x86.ActiveCfg = Debug|Any CPU
		{9A92FFBF-47F8-4B04-9D1F-EBEFF63FFD9A}.Debug|x86.Build.0 = Debug|Any CPU
		{9A92FFBF-47F8-4B04-9D1F-EBEFF63FFD9A}.Release|Any CPU.ActiveCfg = Release|Any CPU
		{9A92FFBF-47F8-4B04-9D1F-EBEFF63FFD9A}.Release|Any CPU.Build.0 = Release|Any CPU
		{9A92FFBF-47F8-4B04-9D1F-EBEFF63FFD9A}.Release|ARM.ActiveCfg = Release|Any CPU
		{9A92FFBF-47F8-4B04-9D1F-EBEFF63FFD9A}.Release|ARM.Build.0 = Release|Any CPU
		{9A92FFBF-47F8-4B04-9D1F-EBEFF63FFD9A}.Release|ARM64.ActiveCfg = Release|Any CPU
		{9A92FFBF-47F8-4B04-9D1F-EBEFF63FFD9A}.Release|ARM64.Build.0 = Release|Any CPU
		{9A92FFBF-47F8-4B04-9D1F-EBEFF63FFD9A}.Release|x64.ActiveCfg = Release|Any CPU
		{9A92FFBF-47F8-4B04-9D1F-EBEFF63FFD9A}.Release|x64.Build.0 = Release|Any CPU
		{9A92FFBF-47F8-4B04-9D1F-EBEFF63FFD9A}.Release|x86.ActiveCfg = Release|Any CPU
		{9A92FFBF-47F8-4B04-9D1F-EBEFF63FFD9A}.Release|x86.Build.0 = Release|Any CPU
		{A328A7F4-8C2A-43F6-B40D-4A909B6B52AD}.Debug|Any CPU.ActiveCfg = Debug|Any CPU
		{A328A7F4-8C2A-43F6-B40D-4A909B6B52AD}.Debug|Any CPU.Build.0 = Debug|Any CPU
		{A328A7F4-8C2A-43F6-B40D-4A909B6B52AD}.Debug|ARM.ActiveCfg = Debug|Any CPU
		{A328A7F4-8C2A-43F6-B40D-4A909B6B52AD}.Debug|ARM.Build.0 = Debug|Any CPU
		{A328A7F4-8C2A-43F6-B40D-4A909B6B52AD}.Debug|ARM64.ActiveCfg = Debug|Any CPU
		{A328A7F4-8C2A-43F6-B40D-4A909B6B52AD}.Debug|ARM64.Build.0 = Debug|Any CPU
		{A328A7F4-8C2A-43F6-B40D-4A909B6B52AD}.Debug|x64.ActiveCfg = Debug|Any CPU
		{A328A7F4-8C2A-43F6-B40D-4A909B6B52AD}.Debug|x64.Build.0 = Debug|Any CPU
		{A328A7F4-8C2A-43F6-B40D-4A909B6B52AD}.Debug|x86.ActiveCfg = Debug|Any CPU
		{A328A7F4-8C2A-43F6-B40D-4A909B6B52AD}.Debug|x86.Build.0 = Debug|Any CPU
		{A328A7F4-8C2A-43F6-B40D-4A909B6B52AD}.Release|Any CPU.ActiveCfg = Release|Any CPU
		{A328A7F4-8C2A-43F6-B40D-4A909B6B52AD}.Release|Any CPU.Build.0 = Release|Any CPU
		{A328A7F4-8C2A-43F6-B40D-4A909B6B52AD}.Release|ARM.ActiveCfg = Release|Any CPU
		{A328A7F4-8C2A-43F6-B40D-4A909B6B52AD}.Release|ARM.Build.0 = Release|Any CPU
		{A328A7F4-8C2A-43F6-B40D-4A909B6B52AD}.Release|ARM64.ActiveCfg = Release|Any CPU
		{A328A7F4-8C2A-43F6-B40D-4A909B6B52AD}.Release|ARM64.Build.0 = Release|Any CPU
		{A328A7F4-8C2A-43F6-B40D-4A909B6B52AD}.Release|x64.ActiveCfg = Release|Any CPU
		{A328A7F4-8C2A-43F6-B40D-4A909B6B52AD}.Release|x64.Build.0 = Release|Any CPU
		{A328A7F4-8C2A-43F6-B40D-4A909B6B52AD}.Release|x86.ActiveCfg = Release|Any CPU
		{A328A7F4-8C2A-43F6-B40D-4A909B6B52AD}.Release|x86.Build.0 = Release|Any CPU
		{D3E7F462-789F-41D5-A31F-8085D36062EF}.Debug|Any CPU.ActiveCfg = Debug|Any CPU
		{D3E7F462-789F-41D5-A31F-8085D36062EF}.Debug|Any CPU.Build.0 = Debug|Any CPU
		{D3E7F462-789F-41D5-A31F-8085D36062EF}.Debug|ARM.ActiveCfg = Debug|Any CPU
		{D3E7F462-789F-41D5-A31F-8085D36062EF}.Debug|ARM.Build.0 = Debug|Any CPU
		{D3E7F462-789F-41D5-A31F-8085D36062EF}.Debug|ARM64.ActiveCfg = Debug|Any CPU
		{D3E7F462-789F-41D5-A31F-8085D36062EF}.Debug|ARM64.Build.0 = Debug|Any CPU
		{D3E7F462-789F-41D5-A31F-8085D36062EF}.Debug|x64.ActiveCfg = Debug|Any CPU
		{D3E7F462-789F-41D5-A31F-8085D36062EF}.Debug|x64.Build.0 = Debug|Any CPU
		{D3E7F462-789F-41D5-A31F-8085D36062EF}.Debug|x86.ActiveCfg = Debug|Any CPU
		{D3E7F462-789F-41D5-A31F-8085D36062EF}.Debug|x86.Build.0 = Debug|Any CPU
		{D3E7F462-789F-41D5-A31F-8085D36062EF}.Release|Any CPU.ActiveCfg = Release|Any CPU
		{D3E7F462-789F-41D5-A31F-8085D36062EF}.Release|Any CPU.Build.0 = Release|Any CPU
		{D3E7F462-789F-41D5-A31F-8085D36062EF}.Release|ARM.ActiveCfg = Release|Any CPU
		{D3E7F462-789F-41D5-A31F-8085D36062EF}.Release|ARM.Build.0 = Release|Any CPU
		{D3E7F462-789F-41D5-A31F-8085D36062EF}.Release|ARM64.ActiveCfg = Release|Any CPU
		{D3E7F462-789F-41D5-A31F-8085D36062EF}.Release|ARM64.Build.0 = Release|Any CPU
		{D3E7F462-789F-41D5-A31F-8085D36062EF}.Release|x64.ActiveCfg = Release|Any CPU
		{D3E7F462-789F-41D5-A31F-8085D36062EF}.Release|x64.Build.0 = Release|Any CPU
		{D3E7F462-789F-41D5-A31F-8085D36062EF}.Release|x86.ActiveCfg = Release|Any CPU
		{D3E7F462-789F-41D5-A31F-8085D36062EF}.Release|x86.Build.0 = Release|Any CPU
		{3B054E34-F38E-4397-9677-56C6DBE5130D}.Debug|Any CPU.ActiveCfg = Debug|Any CPU
		{3B054E34-F38E-4397-9677-56C6DBE5130D}.Debug|Any CPU.Build.0 = Debug|Any CPU
		{3B054E34-F38E-4397-9677-56C6DBE5130D}.Debug|ARM.ActiveCfg = Debug|Any CPU
		{3B054E34-F38E-4397-9677-56C6DBE5130D}.Debug|ARM.Build.0 = Debug|Any CPU
		{3B054E34-F38E-4397-9677-56C6DBE5130D}.Debug|ARM64.ActiveCfg = Debug|Any CPU
		{3B054E34-F38E-4397-9677-56C6DBE5130D}.Debug|ARM64.Build.0 = Debug|Any CPU
		{3B054E34-F38E-4397-9677-56C6DBE5130D}.Debug|x64.ActiveCfg = Debug|Any CPU
		{3B054E34-F38E-4397-9677-56C6DBE5130D}.Debug|x64.Build.0 = Debug|Any CPU
		{3B054E34-F38E-4397-9677-56C6DBE5130D}.Debug|x86.ActiveCfg = Debug|Any CPU
		{3B054E34-F38E-4397-9677-56C6DBE5130D}.Debug|x86.Build.0 = Debug|Any CPU
		{3B054E34-F38E-4397-9677-56C6DBE5130D}.Release|Any CPU.ActiveCfg = Release|Any CPU
		{3B054E34-F38E-4397-9677-56C6DBE5130D}.Release|Any CPU.Build.0 = Release|Any CPU
		{3B054E34-F38E-4397-9677-56C6DBE5130D}.Release|ARM.ActiveCfg = Release|Any CPU
		{3B054E34-F38E-4397-9677-56C6DBE5130D}.Release|ARM.Build.0 = Release|Any CPU
		{3B054E34-F38E-4397-9677-56C6DBE5130D}.Release|ARM64.ActiveCfg = Release|Any CPU
		{3B054E34-F38E-4397-9677-56C6DBE5130D}.Release|ARM64.Build.0 = Release|Any CPU
		{3B054E34-F38E-4397-9677-56C6DBE5130D}.Release|x64.ActiveCfg = Release|Any CPU
		{3B054E34-F38E-4397-9677-56C6DBE5130D}.Release|x64.Build.0 = Release|Any CPU
		{3B054E34-F38E-4397-9677-56C6DBE5130D}.Release|x86.ActiveCfg = Release|Any CPU
		{3B054E34-F38E-4397-9677-56C6DBE5130D}.Release|x86.Build.0 = Release|Any CPU
		{909E1397-B1B9-4772-9266-34833A0B277C}.Debug|Any CPU.ActiveCfg = Debug|x64
		{909E1397-B1B9-4772-9266-34833A0B277C}.Debug|Any CPU.Build.0 = Debug|x64
		{909E1397-B1B9-4772-9266-34833A0B277C}.Debug|ARM.ActiveCfg = Debug|ARM
		{909E1397-B1B9-4772-9266-34833A0B277C}.Debug|ARM.Build.0 = Debug|ARM
		{909E1397-B1B9-4772-9266-34833A0B277C}.Debug|ARM64.ActiveCfg = Debug|ARM64
		{909E1397-B1B9-4772-9266-34833A0B277C}.Debug|ARM64.Build.0 = Debug|ARM64
		{909E1397-B1B9-4772-9266-34833A0B277C}.Debug|x64.ActiveCfg = Debug|x64
		{909E1397-B1B9-4772-9266-34833A0B277C}.Debug|x64.Build.0 = Debug|x64
		{909E1397-B1B9-4772-9266-34833A0B277C}.Debug|x86.ActiveCfg = Debug|Win32
		{909E1397-B1B9-4772-9266-34833A0B277C}.Debug|x86.Build.0 = Debug|Win32
		{909E1397-B1B9-4772-9266-34833A0B277C}.Release|Any CPU.ActiveCfg = Release|x64
		{909E1397-B1B9-4772-9266-34833A0B277C}.Release|Any CPU.Build.0 = Release|x64
		{909E1397-B1B9-4772-9266-34833A0B277C}.Release|ARM.ActiveCfg = Release|ARM
		{909E1397-B1B9-4772-9266-34833A0B277C}.Release|ARM.Build.0 = Release|ARM
		{909E1397-B1B9-4772-9266-34833A0B277C}.Release|ARM64.ActiveCfg = Release|ARM64
		{909E1397-B1B9-4772-9266-34833A0B277C}.Release|ARM64.Build.0 = Release|ARM64
		{909E1397-B1B9-4772-9266-34833A0B277C}.Release|x64.ActiveCfg = Release|x64
		{909E1397-B1B9-4772-9266-34833A0B277C}.Release|x64.Build.0 = Release|x64
		{909E1397-B1B9-4772-9266-34833A0B277C}.Release|x86.ActiveCfg = Release|Win32
		{909E1397-B1B9-4772-9266-34833A0B277C}.Release|x86.Build.0 = Release|Win32
	EndGlobalSection
	GlobalSection(SolutionProperties) = preSolution
		HideSolutionNode = FALSE
	EndGlobalSection
	GlobalSection(NestedProjects) = preSolution
		{3B054E34-F38E-4397-9677-56C6DBE5130D} = {02EA681E-C7D8-13C7-8484-4AC65E1B71E8}
	EndGlobalSection
	GlobalSection(ExtensibilityGlobals) = postSolution
		SolutionGuid = {F4710816-377E-4C98-8F03-659BF6A89263}
	EndGlobalSection
EndGlobal
